
Microsoft Visual Studio Solution File, Format Version 12.00
# Visual Studio 2012
Project("{FAE04EC0-301F-11D3-BF4B-00C04F79EFBC}") = "com.yinyangcapital.DeveloperDemo.Maps", "com.yinyangcapital.DeveloperDemo.Maps\com.yinyangcapital.DeveloperDemo.Maps.csproj", "{94E83D5D-D1BD-4B6B-BF45-6648263620EE}"
EndProject
Project("{FAE04EC0-301F-11D3-BF4B-00C04F79EFBC}") = "com.yinyangcapital.DeveloperDemo.Maps.iOS", "iOS\com.yinyangcapital.DeveloperDemo.Maps.iOS.csproj", "{D64D0729-674D-4DD1-9D4E-D13280D6C0E4}"
EndProject
Global
	GlobalSection(SolutionConfigurationPlatforms) = preSolution
		Debug|Any CPU = Debug|Any CPU
		Release|Any CPU = Release|Any CPU
		Debug|iPhoneSimulator = Debug|iPhoneSimulator
		Release|iPhone = Release|iPhone
		Release|iPhoneSimulator = Release|iPhoneSimulator
		Debug|iPhone = Debug|iPhone
	EndGlobalSection
	GlobalSection(ProjectConfigurationPlatforms) = postSolution
		{94E83D5D-D1BD-4B6B-BF45-6648263620EE}.Debug|Any CPU.ActiveCfg = Debug|Any CPU
		{94E83D5D-D1BD-4B6B-BF45-6648263620EE}.Debug|Any CPU.Build.0 = Debug|Any CPU
		{94E83D5D-D1BD-4B6B-BF45-6648263620EE}.Release|Any CPU.ActiveCfg = Release|Any CPU
		{94E83D5D-D1BD-4B6B-BF45-6648263620EE}.Release|Any CPU.Build.0 = Release|Any CPU
		{94E83D5D-D1BD-4B6B-BF45-6648263620EE}.Debug|iPhoneSimulator.ActiveCfg = Debug|Any CPU
		{94E83D5D-D1BD-4B6B-BF45-6648263620EE}.Debug|iPhoneSimulator.Build.0 = Debug|Any CPU
		{94E83D5D-D1BD-4B6B-BF45-6648263620EE}.Release|iPhone.ActiveCfg = Release|Any CPU
		{94E83D5D-D1BD-4B6B-BF45-6648263620EE}.Release|iPhone.Build.0 = Release|Any CPU
		{94E83D5D-D1BD-4B6B-BF45-6648263620EE}.Release|iPhoneSimulator.ActiveCfg = Release|Any CPU
		{94E83D5D-D1BD-4B6B-BF45-6648263620EE}.Release|iPhoneSimulator.Build.0 = Release|Any CPU
		{94E83D5D-D1BD-4B6B-BF45-6648263620EE}.Debug|iPhone.ActiveCfg = Debug|Any CPU
		{94E83D5D-D1BD-4B6B-BF45-6648263620EE}.Debug|iPhone.Build.0 = Debug|Any CPU
		{D64D0729-674D-4DD1-9D4E-D13280D6C0E4}.Debug|Any CPU.ActiveCfg = Debug|iPhoneSimulator
		{D64D0729-674D-4DD1-9D4E-D13280D6C0E4}.Debug|Any CPU.Build.0 = Debug|iPhoneSimulator
		{D64D0729-674D-4DD1-9D4E-D13280D6C0E4}.Release|Any CPU.ActiveCfg = Release|iPhone
		{D64D0729-674D-4DD1-9D4E-D13280D6C0E4}.Release|Any CPU.Build.0 = Release|iPhone
		{D64D0729-674D-4DD1-9D4E-D13280D6C0E4}.Debug|iPhoneSimulator.ActiveCfg = Debug|iPhoneSimulator
		{D64D0729-674D-4DD1-9D4E-D13280D6C0E4}.Debug|iPhoneSimulator.Build.0 = Debug|iPhoneSimulator
		{D64D0729-674D-4DD1-9D4E-D13280D6C0E4}.Release|iPhone.ActiveCfg = Release|iPhone
		{D64D0729-674D-4DD1-9D4E-D13280D6C0E4}.Release|iPhone.Build.0 = Release|iPhone
		{D64D0729-674D-4DD1-9D4E-D13280D6C0E4}.Release|iPhoneSimulator.ActiveCfg = Release|iPhoneSimulator
		{D64D0729-674D-4DD1-9D4E-D13280D6C0E4}.Release|iPhoneSimulator.Build.0 = Release|iPhoneSimulator
		{D64D0729-674D-4DD1-9D4E-D13280D6C0E4}.Debug|iPhone.ActiveCfg = Debug|iPhone
		{D64D0729-674D-4DD1-9D4E-D13280D6C0E4}.Debug|iPhone.Build.0 = Debug|iPhone
	EndGlobalSection
EndGlobal
